
Microsoft Visual Studio Solution File, Format Version 12.00
# Visual Studio Version 17
VisualStudioVersion = 17.8.34511.84
MinimumVisualStudioVersion = 10.0.40219.1
Project("{FAE04EC0-301F-11D3-BF4B-00C04F79EFBC}") = "Alumnos", "Alumnos\Alumnos.csproj", "{F49CFDED-5F87-485E-B86B-29F76D077D53}"
EndProject
Global
	GlobalSection(SolutionConfigurationPlatforms) = preSolution
		Debug|Any CPU = Debug|Any CPU
		Release|Any CPU = Release|Any CPU
	EndGlobalSection
	GlobalSection(ProjectConfigurationPlatforms) = postSolution
		{F49CFDED-5F87-485E-B86B-29F76D077D53}.Debug|Any CPU.ActiveCfg = Debug|Any CPU
		{F49CFDED-5F87-485E-B86B-29F76D077D53}.Debug|Any CPU.Build.0 = Debug|Any CPU
		{F49CFDED-5F87-485E-B86B-29F76D077D53}.Release|Any CPU.ActiveCfg = Release|Any CPU
		{F49CFDED-5F87-485E-B86B-29F76D077D53}.Release|Any CPU.Build.0 = Release|Any CPU
	EndGlobalSection
	GlobalSection(SolutionProperties) = preSolution
		HideSolutionNode = FALSE
	EndGlobalSection
	GlobalSection(ExtensibilityGlobals) = postSolution
		SolutionGuid = {AFAC3373-3B53-40D3-ADEC-139ADDD15E6D}
	EndGlobalSection
EndGlobal
